{
  "name": "franchise-school-settlement-management",
  "version": "0.0.0",
  "lockfileVersion": 3,
  "requires": true,
  "packages": {
    "": {
      "name": "franchise-school-settlement-management",
      "version": "0.0.0",
      "dependencies": {
        "lucide-react": "^0.378.0",
        "react": "^18.2.0",
        "react-dom": "^18.2.0"
      },
      "devDependencies": {
        "@types/react": "^18.2.7",
        "@types/react-dom": "^18.2.7",
        "@vitejs/plugin-react": "^4.0.3",
        "tailwindcss": "^3.4.3",
        "typescript": "^5.0.2",
        "vite": "^4.4.5"
      }
    },
    "node_modules/@babel/runtime": {
      "version": "7.24.5",
      "resolved": "https://registry.npmjs.org/@babel/runtime/-/runtime-7.24.5.tgz",
      "integrity": "sha512-wY74F9651sH62u/25a2I1i1e/3IqSIk41nI/V4WJb0TdFtM/O24bCx2S7f9iW2Te6IDp4V69i24Eohd9zmkAg==",
      "dependencies": {
        "regenerator-runtime": "^0.14.0"
      },
      "engines": {
        "node": ">=6.9.0"
      }
    },
    "node_modules/@types/prop-types": {
      "version": "15.7.12",
      "resolved": "https://registry.npmjs.org/@types/prop-types/-/prop-types-15.7.12.tgz",
      "integrity": "sha512-5zvhXYS3icfNlvmqgABZHkC8BpbhSlwvVfEjad+Vv4iAijcwv6AtnNfsPrKVsMh2r+I6f9gvyG0vS8S9K3wegA==",
      "dev": true
    },
    "node_modules/@types/react": {
      "version": "18.2.7",
      "resolved": "https://registry.npmjs.org/@types/react/-/react-18.2.7.tgz",
      "integrity": "sha512-Ua5UGKjVikj5ZNqe1kK9lqgS95d+KKYpftbveQ3NqNHlVx9+h1sTt99z31ncoG54qdnqVbVoYQScNyHptpDtnA==",
      "dev": true,
      "dependencies": {
        "@types/prop-types": "*",
        "csstype": "^3.0.2"
      }
    },
    "node_modules/@types/react-dom": {
      "version": "18.2.7",
      "resolved": "https://registry.npmjs.org/@types/react-dom/-/react-dom-18.2.7.tgz",
      "integrity": "sha512-DOMQV2-/sC+8h2cOrwHwHn8cG3sAYQJCKP/T52T7P1Qd27ga+tvi3c1H0R1x1M2KFp1gqJp2y7QPhv2ThNB6hA==",
      "dev": true,
      "dependencies": {
        "@types/react": "*"
      }
    },
    "node_modules/@vitejs/plugin-react": {
      "version": "4.0.3",
      "resolved": "https://registry.npmjs.org/@vitejs/plugin-react/-/plugin-react-4.0.3.tgz",
      "integrity": "sha512-wpM0Mx0N3x+ifhLsc71qf2b7bVfGn4n2yG0hyF0v29s6k1yX55pWb8M9WnOqFAiM8KxKzL43i4q5Bf+HwB/MA==",
      "dev": true,
      "dependencies": {
        "@babel/core": "^7.22.8",
        "@babel/plugin-transform-react-jsx-develo
